
Microsoft Visual Studio Solution File, Format Version 12.00
# Visual Studio Version 17
VisualStudioVersion = 17.4.33122.133
MinimumVisualStudioVersion = 10.0.40219.1
Project("{9A19103F-16F7-4668-BE54-9A1E7A4F7556}") = "SuperSold.UI.AspDotNet", "SuperSold.UI.AspDotNet\SuperSold.UI.AspDotNet.csproj", "{B71D700A-AFD6-4F69-A584-6ED10971FBD4}"
EndProject
Project("{9A19103F-16F7-4668-BE54-9A1E7A4F7556}") = "SuperSold.Data", "SuperSold.Data\SuperSold.Data.csproj", "{D64CAFB0-20C8-4DAE-A082-DE403FBFE361}"
EndProject
Global
	GlobalSection(SolutionConfigurationPlatforms) = preSolution
		Debug|Any CPU = Debug|Any CPU
		Release|Any CPU = Release|Any CPU
	EndGlobalSection
	GlobalSection(ProjectConfigurationPlatforms) = postSolution
		{B71D700A-AFD6-4F69-A584-6ED10971FBD4}.Debug|Any CPU.ActiveCfg = Debug|Any CPU
		{B71D700A-AFD6-4F69-A584-6ED10971FBD4}.Debug|Any CPU.Build.0 = Debug|Any CPU
		{B71D700A-AFD6-4F69-A584-6ED10971FBD4}.Release|Any CPU.ActiveCfg = Release|Any CPU
		{B71D700A-AFD6-4F69-A584-6ED10971FBD4}.Release|Any CPU.Build.0 = Release|Any CPU
		{D64CAFB0-20C8-4DAE-A082-DE403FBFE361}.Debug|Any CPU.ActiveCfg = Debug|Any CPU
		{D64CAFB0-20C8-4DAE-A082-DE403FBFE361}.Debug|Any CPU.Build.0 = Debug|Any CPU
		{D64CAFB0-20C8-4DAE-A082-DE403FBFE361}.Release|Any CPU.ActiveCfg = Release|Any CPU
		{D64CAFB0-20C8-4DAE-A082-DE403FBFE361}.Release|Any CPU.Build.0 = Release|Any CPU
	EndGlobalSection
	GlobalSection(SolutionProperties) = preSolution
		HideSolutionNode = FALSE
	EndGlobalSection
	GlobalSection(ExtensibilityGlobals) = postSolution
		SolutionGuid = {86D32C93-A795-43B6-928A-E7B8CCCC0DCC}
	EndGlobalSection
EndGlobal
